{
  "version": "5",
  "specifiers": {
    "jsr:@deno/loader@0.5": "0.5.0",
    "jsr:@kuboon/browser-how-to@*": "0.1.0",
    "jsr:@kuboon/browser-how-to@0.1": "0.1.0",
    "jsr:@kuboon/dpop@0.2": "0.2.0",
    "jsr:@kuboon/kv@0.2": "0.2.0",
    "jsr:@kuboon/tailwindcss-deno@~0.1.6": "0.1.6",
    "jsr:@panva/jose@^6.2.10": "6.2.10",
    "jsr:@std/assert@^1.0.19": "1.0.19",
    "jsr:@std/encoding@1.0.10": "1.0.10",
    "jsr:@std/encoding@^1.0.11": "1.0.11",
    "jsr:@std/internal@^1.0.12": "1.0.14",
    "jsr:@std/internal@^1.0.14": "1.0.14",
    "jsr:@std/path@^1.1.6": "1.1.6",
    "jsr:@std/ulid@1": "1.0.0",
    "npm:@jridgewell/remapping@^2.3.5": "2.3.5",
    "npm:@libsql/client@~0.17.4": "0.17.4",
    "npm:@remix-run/cors-middleware@0.1.8": "0.1.8",
    "npm:@remix-run/fetch-router@0.21.0": "0.21.0",
    "npm:@remix-run/html-template@0.3.1": "0.3.1",
    "npm:@remix-run/logger-middleware@0.3.5": "0.3.5",
    "npm:@remix-run/response@0.3.8": "0.3.8",
    "npm:@remix-run/session@~0.4.2": "0.4.2",
    "npm:@remix-run/static-middleware@0.4.14": "0.4.14",
    "npm:@remix-run/ui@0.8": "0.8.0",
    "npm:@tailwindcss/oxide@^4.3.3": "4.3.3",
    "npm:daisyui@^5.7.27": "5.7.27",
    "npm:lightningcss@^1.33.0": "1.33.0",
    "npm:magic-string@^1.1.0": "1.2.3",
    "npm:qrcode-generator@^2.0.4": "2.0.4",
    "npm:source-map-js@^1.2.1": "1.2.1",
    "npm:tailwindcss@^4.3.3": "4.3.3"
  },
  "jsr": {
    "@deno/loader@0.5.0": {
      "integrity": "a6d94408de5e6bacac404f8f6963c8b8cc278cfd1a878aa2f06b34a083d6bfee"
    },
    "@kuboon/browser-how-to@0.1.0": {
      "integrity": "d8aa160f10b7b1e1c0be61d1c841aa25087c9488d8741e05478f8f40fbea535a"
    },
    "@kuboon/dpop@0.2.0": {
      "integrity": "df4fcec89be1f125a8934147149303ee0d9dadf6d2bd2d9aa829e0eb182d25aa",
      "dependencies": [
        "jsr:@std/encoding@1.0.10"
      ]
    },
    "@kuboon/kv@0.2.0": {
      "integrity": "82b0d2d58e99c893dc667814a606af74ee04f62235d120d57e0d8e4b68ed74c3",
      "dependencies": [
        "jsr:@std/ulid",
        "npm:@libsql/client"
      ]
    },
    "@kuboon/tailwindcss-deno@0.1.6": {
      "integrity": "ba3f8f5f43aafee7d87b8c7ae2a0545268c4dcacf599f3aa0d500da2add7c43a",
      "dependencies": [
        "jsr:@deno/loader",
        "jsr:@std/encoding@^1.0.11",
        "jsr:@std/path",
        "npm:@jridgewell/remapping",
        "npm:lightningcss",
        "npm:magic-string",
        "npm:source-map-js",
        "npm:tailwindcss"
      ]
    },
    "@panva/jose@6.2.10": {
      "integrity": "3380a113e59395eabc970a12826a229f4fc883c7b88c2b62e5ca5846a602fa9c"
    },
    "@std/assert@1.0.19": {
      "integrity": "eaada96ee120cb980bc47e040f82814d786fe8162ecc53c91d8df60b8755991e",
      "dependencies": [
        "jsr:@std/internal@^1.0.12"
      ]
    },
    "@std/encoding@1.0.10": {
      "integrity": "8783c6384a2d13abd5e9e87a7ae0520a30e9f56aeeaa3bdf910a3eaaf5c811a1"
    },
    "@std/encoding@1.0.11": {
      "integrity": "e7cef2f0b3153bccc17431e7c864a1de03a4b6d9647389c43e08aaa775d37385"
    },
    "@std/internal@1.0.14": {
      "integrity": "291516b3d4c35024d6ffbc0a9df5bf4c64116e05b50012cf846710152d2ffdf7"
    },
    "@std/path@1.1.6": {
      "integrity": "c68485c2a4dfbb5ae3cc74fae4e8c4e5d874cf8a8ed12927917235c758b46cbe",
      "dependencies": [
        "jsr:@std/internal@^1.0.14"
      ]
    },
    "@std/ulid@1.0.0": {
      "integrity": "d41c3d27a907714413649fee864b7cde8d42ee68437d22b79d5de4f81d808780"
    }
  },
  "npm": {
    "@jridgewell/gen-mapping@0.3.13": {
      "integrity": "sha512-2kkt/7niJ6MgEPxF0bYdQ6etZaA+fQvDcLKckhy1yIQOzaoKjBBjSj63/aLVjYE3qhRt5dvM+uUyfCg6UKCBbA==",
      "dependencies": [
        "@jridgewell/sourcemap-codec",
        "@jridgewell/trace-mapping"
      ]
    },
    "@jridgewell/remapping@2.3.5": {
      "integrity": "sha512-LI9u/+laYG4Ds1TDKSJW2YPrIlcVYOwi2fUC6xB43lueCjgxV4lffOCZCtYFiH6TNOX+tQKXx97T4IKHbhyHEQ==",
      "dependencies": [
        "@jridgewell/gen-mapping",
        "@jridgewell/trace-mapping"
      ]
    },
    "@jridgewell/resolve-uri@3.1.2": {
      "integrity": "sha512-bRISgCIjP20/tbWSPWMEi54QVPRZExkuD9lJL+UIxUKtwVJA8wW1Trb1jMs1RFXo1CBTNZ/5hpC9QvmKWdopKw=="
    },
    "@jridgewell/sourcemap-codec@1.6.0": {
      "integrity": "sha512-T7jf+5zgsZHwNJ4lvQ7/aezbyk0nNX+zJVWpmHA7VYsEx7a7qr5Rg5IbtJFqkgze5Y2sruq1RUY8Q837Od7iFw=="
    },
    "@jridgewell/trace-mapping@0.3.31": {
      "integrity": "sha512-zzNR+SdQSDJzc8joaeP8QQoCQr8NuYx2dIIytl1QeBEZHJ9uW6hebsrYgbz8hJwUQao3TWCMtmfV8Nu1twOLAw==",
      "dependencies": [
        "@jridgewell/resolve-uri",
        "@jridgewell/sourcemap-codec"
      ]
    },
    "@libsql/client@0.17.4": {
      "integrity": "sha512-lYayFWasDV78A+TjlEhr6ubb3odBV6OHjb+wdp8VQcyWWAEIjuwbCHaraEUS4m4yWoo0BvZo96It4VdzZRmRWw==",
      "dependencies": [
        "@libsql/core",
        "@libsql/hrana-client",
        "js-base64",
        "libsql",
        "promise-limit"
      ]
    },
    "@libsql/core@0.17.4": {
      "integrity": "sha512-LqF9gIvnJ38nmAH1y/ChizHqDO/MO1wLgA96XrraulEEbqXxLjleSH92YWTolbuJKgPUmGu4aJk9W3UnAcxLOQ==",
      "dependencies": [
        "js-base64"
      ]
    },
    "@libsql/darwin-arm64@0.5.29": {
      "integrity": "sha512-K+2RIB1OGFPYQbfay48GakLhqf3ArcbHqPFu7EZiaUcRgFcdw8RoltsMyvbj5ix2fY0HV3Q3Ioa/ByvQdaSM0A==",
      "os": ["darwin"],
      "cpu": ["arm64"]
    },
    "@libsql/darwin-x64@0.5.29": {
      "integrity": "sha512-OtT+KFHsKFy1R5FVadr8FJ2Bb1mghtXTyJkxv0trocq7NuHntSki1eUbxpO5ezJesDvBlqFjnWaYYY516QNLhQ==",
      "os": ["darwin"],
      "cpu": ["x64"]
    },
    "@libsql/hrana-client@0.10.0": {
      "integrity": "sha512-OoA4EMqRAC7kn7V2P6EQqRcpZf2W+AjsNIyCizBg339Tq/aMC7sRnzs3SklderhmQWAqEzvv8A2vhxVmWpkVvw==",
      "dependencies": [
        "@libsql/isomorphic-ws",
        "js-base64"
      ]
    },
    "@libsql/isomorphic-ws@0.1.5": {
      "integrity": "sha512-DtLWIH29onUYR00i0GlQ3UdcTRC6EP4u9w/h9LxpUZJWRMARk6dQwZ6Jkd+QdwVpuAOrdxt18v0K2uIYR3fwFg==",
      "dependencies": [
        "@types/ws",
        "ws"
      ]
    },
    "@libsql/linux-arm-gnueabihf@0.5.29": {
      "integrity": "sha512-CD4n4zj7SJTHso4nf5cuMoWoMSS7asn5hHygsDuhRl8jjjCTT3yE+xdUvI4J7zsyb53VO5ISh4cwwOtf6k2UhQ==",
      "os": ["linux"],
      "cpu": ["arm"]
    },
    "@libsql/linux-arm-musleabihf@0.5.29": {
      "integrity": "sha512-2Z9qBVpEJV7OeflzIR3+l5yAd4uTOLxklScYTwpZnkm2vDSGlC1PRlueLaufc4EFITkLKXK2MWBpexuNJfMVcg==",
      "os": ["linux"],
      "cpu": ["arm"]
    },
    "@libsql/linux-arm64-gnu@0.5.29": {
      "integrity": "sha512-gURBqaiXIGGwFNEaUj8Ldk7Hps4STtG+31aEidCk5evMMdtsdfL3HPCpvys+ZF/tkOs2MWlRWoSq7SOuCE9k3w==",
      "os": ["linux"],
      "cpu": ["arm64"]
    },
    "@libsql/linux-arm64-musl@0.5.29": {
      "integrity": "sha512-fwgYZ0H8mUkyVqXZHF3mT/92iIh1N94Owi/f66cPVNsk9BdGKq5gVpoKO+7UxaNzuEH1roJp2QEwsCZMvBLpqg==",
      "os": ["linux"],
      "cpu": ["arm64"]
    },
    "@libsql/linux-x64-gnu@0.5.29": {
      "integrity": "sha512-y14V0vY0nmMC6G0pHeJcEarcnGU2H6cm21ZceRkacWHvQAEhAG0latQkCtoS2njFOXiYIg+JYPfAoWKbi82rkg==",
      "os": ["linux"],
      "cpu": ["x64"]
    },
    "@libsql/linux-x64-musl@0.5.29": {
      "integrity": "sha512-gquqwA/39tH4pFl+J9n3SOMSymjX+6kZ3kWgY3b94nXFTwac9bnFNMffIomgvlFaC4ArVqMnOZD3nuJ3H3VO1w==",
      "os": ["linux"],
      "cpu": ["x64"]
    },
    "@libsql/win32-x64-msvc@0.5.29": {
      "integrity": "sha512-4/0CvEdhi6+KjMxMaVbFM2n2Z44escBRoEYpR+gZg64DdetzGnYm8mcNLcoySaDJZNaBd6wz5DNdgRmcI4hXcg==",
      "os": ["win32"],
      "cpu": ["x64"]
    },
    "@neon-rs/load@0.0.4": {
      "integrity": "sha512-kTPhdZyTQxB+2wpiRcFWrDcejc4JI6tkPuS7UZCG4l6Zvc5kU/gGQ/ozvHTh1XR5tS+UlfAfGuPajjzQjCiHCw=="
    },
    "@remix-run/cors-middleware@0.1.8": {
      "integrity": "sha512-Vhgtvrbafl1ng8tGmoYKNZ0nxa6vDtNKR2QwLbrW/xwjprTcwkJPSP2IiyQI+75HTzG5zWgJ/Z6OMO+iKdBjuQ==",
      "dependencies": [
        "@remix-run/fetch-router",
        "@remix-run/headers"
      ]
    },
    "@remix-run/fetch-router@0.21.0": {
      "integrity": "sha512-dN3Lsd4dHAV0USTF3Dm04effXcdr7GMgXiqeozTFDfvVIx2DbRAl94bwF6UdAWurgTOK2Oyz4cs9uadW/ylWXA==",
      "dependencies": [
        "@remix-run/route-pattern"
      ]
    },
    "@remix-run/fs@0.4.6": {
      "integrity": "sha512-xxvixX/WyufRr6YrjPLGXvyE5Lzb5G/Y4tygk6McJ6nr59f3hO9w3aVc/lvsVPD7liYfM1EyMnmd4qIByJq9bg==",
      "dependencies": [
        "@remix-run/lazy-file",
        "@remix-run/mime"
      ]
    },
    "@remix-run/headers@0.21.1": {
      "integrity": "sha512-DRhRveigepAQDUIi0MrOFhpcl3/KTv/fkpIhulv7Asv1pUwM8RpY2ENjdI8lfii6Z3MEsWtYhGt6If8bi6bYpQ=="
    },
    "@remix-run/html-template@0.3.1": {
      "integrity": "sha512-4yhaBtfh1iVC1razTr+ehu1xmKia0zvE4GWQ6JF2IRiA3kmw+DlrdNFEFqx5Wn1eXAM0vxxcJLdLD7e0XMzH5A=="
    },
    "@remix-run/lazy-file@5.0.6": {
      "integrity": "sha512-jIeeqkqR+AgTEKls5WMPbiGyXhrkAJugN4ot/K9X74CLzO9uMbcFDKef7CWCfjN1s+551u+5LxNWLJx1nztuVg==",
      "dependencies": [
        "@remix-run/mime"
      ]
    },
    "@remix-run/logger-middleware@0.3.5": {
      "integrity": "sha512-UBIUjdhfD9kvYH3ZtMjXycyvEjhcCPAc3g4SytNVB9uKZzpX3SwrnYHmqNNYFONFsX9dI4P9cefdZEIk55U/QQ==",
      "dependencies": [
        "@remix-run/fetch-router",
        "@remix-run/terminal"
      ]
    },
    "@remix-run/mime@0.4.2": {
      "integrity": "sha512-KpZZxBYIrLsvUtt2ZdwK+E2ClVmyvW11Nej6fPgwJpohBMpbCHtR78wtCTv0vqvK5ckLZ7ks2q4pV5dMYFypiA=="
    },
    "@remix-run/response@0.3.8": {
      "integrity": "sha512-ydrfv+ykKBRQg6DTHU0mSbxbOcWc3m1O7UVivO5Rgrp+K1u4Z3nqbhaMDkHbCPEFhuv1sKlQwS0Z5ClO/jGAiQ==",
      "dependencies": [
        "@remix-run/headers",
        "@remix-run/html-template",
        "@remix-run/mime"
      ]
    },
    "@remix-run/route-pattern@0.24.0": {
      "integrity": "sha512-w0/lhgY40l2GrBQjJIOeYWIuKm1rxlOsc9Hvt+nyydnka0v4aI9Vv0VK4XzLD3aP08JzGtTlxFxwf1PZ8SGdLg=="
    },
    "@remix-run/session@0.4.2": {
      "integrity": "sha512-NGzu6/gC5xD/tq40W0WqzTt4JhCdSCIwDHM1aa13JBqb4Ml/Mb0kmXqjfOe/gBYfu6AA11nRQ/BJyr+VduTodA=="
    },
    "@remix-run/static-middleware@0.4.14": {
      "integrity": "sha512-kfz94iBjwFTeORQjs/V/9Pp4pAfJAz9EGlDB7Sh9VvAbG8wggsPs84pFgIIm5xy6Os7ey9OEeQXeLSm70TIzQg==",
      "dependencies": [
        "@remix-run/fetch-router",
        "@remix-run/fs",
        "@remix-run/html-template",
        "@remix-run/mime",
        "@remix-run/response"
      ]
    },
    "@remix-run/terminal@0.1.1": {
      "integrity": "sha512-M8JNcsYp/mWZ0yOB12Ir+Ud1eLxodPr8YSKQcG2PTPeiq9p9c59D9gvF9m6EU2Hmd4esJMiTyy6lJHc/VKKvcw=="
    },
    "@remix-run/ui@0.8.0": {
      "integrity": "sha512-4OdZ3oj0zbyVVaCFT/x2vjK5YxpD63KpLONkLZ2QVKIEBcLjJUGSenp2f08BOzC8oythLHCJgzHLKKulYJpIQA==",
      "dependencies": [
        "@types/dom-navigation"
      ]
    },
    "@tailwindcss/oxide-android-arm64@4.3.3": {
      "integrity": "sha512-Y85A2gmPSkl5Ve5qR86GL4HT509cFqQh1aes9p3sSkyTPwt0Pppf3GkwGe4JPACcRYjgJIEhQgM6dBClnr0NYw==",
      "os": ["android"],
      "cpu": ["arm64"]
    },
    "@tailwindcss/oxide-darwin-arm64@4.3.3": {
      "integrity": "sha512-BiaWatpBcERQFDlOjRDpIVXuFK5PJez5SA4JMg6VYZdBYU+qKfV/vqjcIs+IYmtitf1xYQZTwXvU/8y4lfZUGw==",
      "os": ["darwin"],
      "cpu": ["arm64"]
    },
    "@tailwindcss/oxide-darwin-x64@4.3.3": {
      "integrity": "sha512-fAeUqfV5ndhxRwai8cXGzdLvul9utWOmeTkv69unv4ZXixjn61Z+p9lCWdwOwA3TYboG3BwdVuN/RDjhBRl0mw==",
      "os": ["darwin"],
      "cpu": ["x64"]
    },
    "@tailwindcss/oxide-freebsd-x64@4.3.3": {
      "integrity": "sha512-iyf5bV6+wnAlflVeEy7R25dupxTNECZN5QMI0qNT6eT+EgaGdZcKhGkr5SdoaWiLJ3spLqIY9VCeSGrwmtg4kw==",
      "os": ["freebsd"],
      "cpu": ["x64"]
    },
    "@tailwindcss/oxide-linux-arm-gnueabihf@4.3.3": {
      "integrity": "sha512-aAYUprJAJQWWbRrPvtjdroZ56Md+JM8pMiopS6xGEwDfLhqj+2ver2p4nU4Mb3CRqcMmNBjo8KkUgcxhkzVQGQ==",
      "os": ["linux"],
      "cpu": ["arm"]
    },
    "@tailwindcss/oxide-linux-arm64-gnu@4.3.3": {
      "integrity": "sha512-nDxldcEENOxZRzC2uu9jrutZdAAQtb+8WWDCSnWL1zvBk1+FN+x6MtDViPB5AJMfttVCUhehGWus3XBPgatM/w==",
      "os": ["linux"],
      "cpu": ["arm64"]
    },
    "@tailwindcss/oxide-linux-arm64-musl@4.3.3": {
      "integrity": "sha512-Md44bD6veX/PC5iyF8cDVnw4HBIANZepRZZ7a8DQOvkfo5WUBwcp6iAuCUz23u+4SUkhJlD3eL7hNdW8ezd/kA==",
      "os": ["linux"],
      "cpu": ["arm64"]
    },
    "@tailwindcss/oxide-linux-x64-gnu@4.3.3": {
      "integrity": "sha512-tx7us1muwOKAKWao2v/GaafFeQboE6aj88vC6ziN2NCGcRm8gWUhwjzg+YdVB1e4boAtdtma4L43onunI6NS4w==",
      "os": ["linux"],
      "cpu": ["x64"]
    },
    "@tailwindcss/oxide-linux-x64-musl@4.3.3": {
      "integrity": "sha512-SJxX60smvHgasZoBy11dX6YRjXJFovwWBoedhbQPOBzgFWBHGB+TVPWB9BxzR7TTxU8FQZAI2AyiNCMzFm8Img==",
      "os": ["linux"],
      "cpu": ["x64"]
    },
    "@tailwindcss/oxide-wasm32-wasi@4.3.3": {
      "integrity": "sha512-jx1+rPhY/5Ympkktd656HBWEBLxP7dH06losBLjjf5vgCODXvi9KhtftWcMIwTFIDqBr7cRnQkdLnAG+IOlGvQ==",
      "cpu": ["wasm32"]
    },
    "@tailwindcss/oxide-win32-arm64-msvc@4.3.3": {
      "integrity": "sha512-3rc292Ca2ceK6Ulcc/bAVnTs/3nDtoPhyEKlgPv+yQJQi/JS/AMJlqzxvlDacL1nekbrcf6bTqp/jV4qgnPxNQ==",
      "os": ["win32"],
      "cpu": ["arm64"]
    },
    "@tailwindcss/oxide-win32-x64-msvc@4.3.3": {
      "integrity": "sha512-yJ0pwIVc/nYeGoV02WtsN8KYyLQv7kyI2wDnkezyJlGGjkd4QLwDGAwl47YpPJeuI0M0ObaXGSPjvWDPeTPggw==",
      "os": ["win32"],
      "cpu": ["x64"]
    },
    "@tailwindcss/oxide@4.3.3": {
      "integrity": "sha512-krXjAikiaFSPaK/FkAQT5UTx3VormQaiZ5hBFlJZ9UFQGB/rwg1MZIhHAG9smMQRTdyJxP6Qt5MwMtdyU5FWrA==",
      "optionalDependencies": [
        "@tailwindcss/oxide-android-arm64",
        "@tailwindcss/oxide-darwin-arm64",
        "@tailwindcss/oxide-darwin-x64",
        "@tailwindcss/oxide-freebsd-x64",
        "@tailwindcss/oxide-linux-arm-gnueabihf",
        "@tailwindcss/oxide-linux-arm64-gnu",
        "@tailwindcss/oxide-linux-arm64-musl",
        "@tailwindcss/oxide-linux-x64-gnu",
        "@tailwindcss/oxide-linux-x64-musl",
        "@tailwindcss/oxide-wasm32-wasi",
        "@tailwindcss/oxide-win32-arm64-msvc",
        "@tailwindcss/oxide-win32-x64-msvc"
      ]
    },
    "@types/dom-navigation@1.0.7": {
      "integrity": "sha512-Di4W+i2faYquHUnyWUg3bBQp5pTNvjDDA7mIYfD/1WlLgan6sKkeVjGbdL78K0CuNEk5Pfc/c0rfelwkz10mnQ=="
    },
    "@types/node@25.9.3": {
      "integrity": "sha512-603BddQMv3pUcr4U2dhujk83N2tTDVr/34wII2B6bJy6g+8WD6yUb11jszNs0gdi4PesVWl7ABt8nYMVpnLUcg==",
      "dependencies": [
        "undici-types"
      ]
    },
    "@types/ws@8.18.1": {
      "integrity": "sha512-ThVF6DCVhA8kUGy+aazFQ4kXQ7E1Ty7A3ypFOe0IcJV8O/M511G99AW24irKrW56Wt44yG9+ij8FaqoBGkuBXg==",
      "dependencies": [
        "@types/node"
      ]
    },
    "daisyui@5.7.27": {
      "integrity": "sha512-Je10yYK7UFJYyLSQrIxhFmpwX+86gXdNTnfNkA1jlev7j9oz3QrqioEQ6/0JYOvYPs5NYH4aaJ+X35/N80G/xg=="
    },
    "detect-libc@2.0.2": {
      "integrity": "sha512-UX6sGumvvqSaXgdKGUsgZWqcUyIXZ/vZTrlRT/iobiKhGL0zL4d3osHj3uqllWJK+i+sixDS/3COVEOFbupFyw=="
    },
    "detect-libc@2.1.2": {
      "integrity": "sha512-Btj2BOOO83o3WyH59e8MgXsxEQVcarkUOpEYrubB0urwnN10yQ364rsiByU11nZlqWYZm05i/of7io4mzihBtQ=="
    },
    "js-base64@3.7.8": {
      "integrity": "sha512-hNngCeKxIUQiEUN3GPJOkz4wF/YvdUdbNL9hsBcMQTkKzboD7T/q3OYOuuPZLUE6dBxSGpwhk5mwuDud7JVAow=="
    },
    "libsql@0.5.29": {
      "integrity": "sha512-8lMP8iMgiBzzoNbAPQ59qdVcj6UaE/Vnm+fiwX4doX4Narook0a4GPKWBEv+CR8a1OwbfkgL18uBfBjWdF0Fzg==",
      "dependencies": [
        "@neon-rs/load",
        "detect-libc@2.0.2"
      ],
      "optionalDependencies": [
        "@libsql/darwin-arm64",
        "@libsql/darwin-x64",
        "@libsql/linux-arm-gnueabihf",
        "@libsql/linux-arm-musleabihf",
        "@libsql/linux-arm64-gnu",
        "@libsql/linux-arm64-musl",
        "@libsql/linux-x64-gnu",
        "@libsql/linux-x64-musl",
        "@libsql/win32-x64-msvc"
      ],
      "os": ["darwin", "linux", "win32"],
      "cpu": ["x64", "arm64", "wasm32", "arm"]
    },
    "lightningcss-android-arm64@1.33.0": {
      "integrity": "sha512-gEpRTalKdosp4Bb8qWtc2iOgE5SeIHlpS1up9bFq2wAyYhl1UdTObYiHe98zEM9SQvSoqQZ1IQD0JNpg3Ml5pg==",
      "os": ["android"],
      "cpu": ["arm64"]
    },
    "lightningcss-darwin-arm64@1.33.0": {
      "integrity": "sha512-Sciaz8eenNTKn9b3t7+xr0ipTp9YxKQY4npwQ3mrRuL0BAVHBLyZxofhaKBAVtzmtRZ/zTyo0/to4B1uWG/Djg==",
      "os": ["darwin"],
      "cpu": ["arm64"]
    },
    "lightningcss-darwin-x64@1.33.0": {
      "integrity": "sha512-Z5UPAxzrjlWNNyGy6i65cJzzvgJ5D3T6wMvs+gWpY9d7qRhANrxqAp6LhxIgZhWEw18RfJTGcRxjuLIBr+m8XQ==",
      "os": ["darwin"],
      "cpu": ["x64"]
    },
    "lightningcss-freebsd-x64@1.33.0": {
      "integrity": "sha512-QQM/Ti/hQajJwCY+RiWuCZ9sdtI/XQk7nDK5vC8kkdwixezOlDgvDx7+RT+QjK6FcFT4MpsuoBnHIo/O3StRRg==",
      "os": ["freebsd"],
      "cpu": ["x64"]
    },
    "lightningcss-linux-arm-gnueabihf@1.33.0": {
      "integrity": "sha512-N7FVBe6iS24MlM6R/4RBTxGhQheZGs7tiQ9U32UtF75NzP5Q7xWPRqLBCKxlRQRk3rY1jCIPLzx7WzOhuUIRLQ==",
      "os": ["linux"],
      "cpu": ["arm"]
    },
    "lightningcss-linux-arm64-gnu@1.33.0": {
      "integrity": "sha512-j2v/itmy4HlNxlc6voKXYgBqNi0Ng2LShg4z7GufpEgs05P+2suBVyi9I6YHq5uoVFx9ETin3eCEhLVyXGQnKg==",
      "os": ["linux"],
      "cpu": ["arm64"]
    },
    "lightningcss-linux-arm64-musl@1.33.0": {
      "integrity": "sha512-yiO5ROMuYQgXbC60yjZU5CYSFZGKXL0HFATXt9mHJn1+zW55oCtMI9NfcVhYLMFDL7gV7oBPon/EmMMGg2OvtQ==",
      "os": ["linux"],
      "cpu": ["arm64"]
    },
    "lightningcss-linux-x64-gnu@1.33.0": {
      "integrity": "sha512-ar+Ju7LmcN0Jo4FpL4hpFybwNG9/3A/Br5KW2n2jyODg3MEZXaDYADdemoNS+BDNfMgKvylJLj4S5tyRActuAg==",
      "os": ["linux"],
      "cpu": ["x64"]
    },
    "lightningcss-linux-x64-musl@1.33.0": {
      "integrity": "sha512-RYiYbkokw0trfKqqzfF55lginwEPrD3OJDfTuJzFs1MK6iFnDenaz1fqLLtX4ITG3OktJQXOeTaw1awrBAlZPw==",
      "os": ["linux"],
      "cpu": ["x64"]
    },
    "lightningcss-win32-arm64-msvc@1.33.0": {
      "integrity": "sha512-1K+MPfLSFVpphzpdbfkhlWk6wBrTObBzS2T6db10PNOZgR9GoVsAWzwNyuhUYYbTp23j+4RrncfujZ4uAzXvwA==",
      "os": ["win32"],
      "cpu": ["arm64"]
    },
    "lightningcss-win32-x64-msvc@1.33.0": {
      "integrity": "sha512-OlEICDx/Xl0FqSp4bry8zFnCvGpig3Gl4gCquvYwHuqJKEC1+n9NgDniFvqHGmMv1ZkqDJrDqKKSykTDX+ehuA==",
      "os": ["win32"],
      "cpu": ["x64"]
    },
    "lightningcss@1.33.0": {
      "integrity": "sha512-WkUDrojuJs0xkgGf2udWxa3yGBRxPtxUkB79i6aCZLRgc7PM8fZe9TosfPDcvEpQZbuFASnHYmRLBLUbmLOIIA==",
      "dependencies": [
        "detect-libc@2.1.2"
      ],
      "optionalDependencies": [
        "lightningcss-android-arm64",
        "lightningcss-darwin-arm64",
        "lightningcss-darwin-x64",
        "lightningcss-freebsd-x64",
        "lightningcss-linux-arm-gnueabihf",
        "lightningcss-linux-arm64-gnu",
        "lightningcss-linux-arm64-musl",
        "lightningcss-linux-x64-gnu",
        "lightningcss-linux-x64-musl",
        "lightningcss-win32-arm64-msvc",
        "lightningcss-win32-x64-msvc"
      ]
    },
    "magic-string@1.2.3": {
      "integrity": "sha512-Bpb0W2TbLKOZ7vJnOUnVRGq3WL2p+ISV29M6hYPL1AFCpyKZpdr5ytiXoTSSxRVhg8YW7f65+6gbG8WG6PCa/g==",
      "dependencies": [
        "@jridgewell/sourcemap-codec"
      ]
    },
    "promise-limit@2.7.0": {
      "integrity": "sha512-7nJ6v5lnJsXwGprnGXga4wx6d1POjvi5Qmf1ivTRxTjH4Z/9Czja/UCMLVmB9N93GeWOU93XaFaEt6jbuoagNw=="
    },
    "qrcode-generator@2.0.4": {
      "integrity": "sha512-mZSiP6RnbHl4xL2Ap5HfkjLnmxfKcPWpWe/c+5XxCuetEenqmNFf1FH/ftXPCtFG5/TDobjsjz6sSNL0Sr8Z9g=="
    },
    "source-map-js@1.2.1": {
      "integrity": "sha512-UXWMKhLOwVKb728IUtQPXxfYU+usdybtUrK/8uGE8CQMvrhOpwvzDBwj0QhSL7MQc7vIsISBG8VQ8+IDQxpfQA=="
    },
    "tailwindcss@4.3.3": {
      "integrity": "sha512-gOhV3P7ufE62QDGg1zVaTgCR+EtPv92k2nIhVcVKcLmxT1sUBsQGhnZj175j+MqRt4zLF7ic+sCYjfhxMxj7YQ=="
    },
    "undici-types@7.24.6": {
      "integrity": "sha512-WRNW+sJgj5OBN4/0JpHFqtqzhpbnV0GuB+OozA9gCL7a993SmU+1JBZCzLNxYsbMfIeDL+lTsphD5jN5N+n0zg=="
    },
    "ws@8.21.0": {
      "integrity": "sha512-Vsp28b7DRcimFQvrqu2Wek3z1iYxDCWqHYB8Qsnk/S4RfaCQzPGPyBNuVjJV3cd6UiKtUtp6sNM77gWvzcCH+g=="
    }
  },
  "workspace": {
    "dependencies": [
      "jsr:@kuboon/kv@0.2"
    ],
    "members": {
      "bundler": {
        "dependencies": [
          "jsr:@kuboon/tailwindcss-deno@~0.1.6",
          "npm:@tailwindcss/oxide@^4.3.3",
          "npm:daisyui@^5.7.27",
          "npm:tailwindcss@^4.3.3"
        ]
      },
      "client": {
        "dependencies": [
          "jsr:@kuboon/browser-how-to@0.1",
          "jsr:@kuboon/dpop@0.2",
          "npm:@remix-run/fetch-router@0.21.0",
          "npm:@remix-run/ui@0.8",
          "npm:qrcode-generator@^2.0.4"
        ]
      },
      "packages/db": {
        "dependencies": [
          "jsr:@std/assert@^1.0.19",
          "jsr:@std/ulid@1",
          "npm:@libsql/client@~0.17.4"
        ]
      },
      "packages/remix-dpop-session-middleware": {
        "dependencies": [
          "jsr:@kuboon/dpop@0.2",
          "jsr:@kuboon/kv@0.2",
          "jsr:@std/assert@^1.0.19",
          "npm:@remix-run/fetch-router@0.21.0",
          "npm:@remix-run/session@~0.4.2"
        ]
      },
      "packages/session-storage-kv": {
        "dependencies": [
          "jsr:@kuboon/kv@0.2",
          "jsr:@std/assert@^1.0.19",
          "npm:@remix-run/session@~0.4.2"
        ]
      },
      "server": {
        "dependencies": [
          "jsr:@kuboon/kv@0.2",
          "jsr:@panva/jose@^6.2.10",
          "jsr:@std/assert@^1.0.19",
          "npm:@remix-run/cors-middleware@0.1.8",
          "npm:@remix-run/fetch-router@0.21.0",
          "npm:@remix-run/html-template@0.3.1",
          "npm:@remix-run/logger-middleware@0.3.5",
          "npm:@remix-run/response@0.3.8",
          "npm:@remix-run/session@~0.4.2",
          "npm:@remix-run/static-middleware@0.4.14",
          "npm:@remix-run/ui@0.8"
        ]
      }
    }
  }
}
